// !$*UTF8*$!
{
	archiveVersion = 1;
	classes = {
	};
	objectVersion = 46;
	objects = {

/* Begin PBXBuildFile section */
		154EFEF81E77FA9500405ECF /* main.m in Sources */ = {isa = PBXBuildFile; fileRef = 154EFEF71E77FA9500405ECF /* main.m */; };
		154EFEFB1E77FA9500405ECF /* AppDelegate.m in Sources */ = {isa = PBXBuildFile; fileRef = 154EFEFA1E77FA9500405ECF /* AppDelegate.m */; };
		154EFEFE1E77FA9500405ECF /* ViewController.m in Sources */ = {isa = PBXBuildFile; fileRef = 154EFEFD1E77FA9500405ECF /* ViewController.m */; };
		154EFF011E77FA9500405ECF /* Main.storyboard in Resources */ = {isa = PBXBuildFile; fileRef = 154EFEFF1E77FA9500405ECF /* Main.storyboard */; };
		154EFF031E77FA9500405ECF /* Assets.xcassets in Resources */ = {isa = PBXBuildFile; fileRef = 154EFF021E77FA9500405ECF /* Assets.xcassets */; };
		154EFF061E77FA9500405ECF /* LaunchScreen.storyboard in Resources */ = {isa = PBXBuildFile; fileRef = 154EFF041E77FA9500405ECF /* LaunchScreen.storyboard */; };
		154EFF121E77FADA00405ECF /* 2.wav in Resources */ = {isa = PBXBuildFile; fileRef = 154EFF0D1E77FADA00405ECF /* 2.wav */; };
		154EFF131E77FADA00405ECF /* 17_countdown.mp3 in Resources */ = {isa = PBXBuildFile; fileRef = 154EFF0E1E77FADA00405ECF /* 17_countdown.mp3 */; };
		154EFF141E77FADA00405ECF /* Glass.aiff in Resources */ = {isa = PBXBuildFile; fileRef = 154EFF0F1E77FADA00405ECF /* Glass.aiff */; };
		154EFF151E77FADA00405ECF /* Localizable.strings in Resources */ = {isa = PBXBuildFile; fileRef = 154EFF101E77FADA00405ECF /* Localizable.strings */; };
		154EFF161E77FADA00405ECF /* msg.caf in Resources */ = {isa = PBXBuildFile; fileRef = 154EFF111E77FADA00405ECF /* msg.caf */; };
/* End PBXBuildFile section */

/* Begin PBXFileReference section */
		154EFEF31E77FA9500405ECF /* PushHandle.app */ = {isa = PBXFileReference; explicitFileType = wrapper.application; includeInIndex = 0; path = PushHandle.app; sourceTree = BUILT_PRODUCTS_DIR; };
		154EFEF71E77FA9500405ECF /* main.m */ = {isa = PBXFileReference; lastKnownFileType = sourcecode.c.objc; path = main.m; sourceTree = "<group>"; };
		154EFEF91E77FA9500405ECF /* AppDelegate.h */ = {isa = PBXFileReference; lastKnownFileType = sourcecode.c.h; path = AppDelegate.h; sourceTree = "<group>"; };
		154EFEFA1E77FA9500405ECF /* AppDelegate.m */ = {isa = PBXFileReference; lastKnownFileType = sourcecode.c.objc; path = AppDelegate.m; sourceTree = "<group>"; };
		154EFEFC1E77FA9500405ECF /* ViewController.h */ = {isa = PBXFileReference; lastKnownFileType = sourcecode.c.h; path = ViewController.h; sourceTree = "<group>"; };
		154EFEFD1E77FA9500405ECF /* ViewController.m */ = {isa = PBXFileReference; lastKnownFileType = sourcecode.c.objc; path = ViewController.m; sourceTree = "<group>"; };
		154EFF001E77FA9500405ECF /* Base */ = {isa = PBXFileReference; lastKnownFileType = file.storyboard; name = Base; path = Base.lproj/Main.storyboard; sourceTree = "<group>"; };
		154EFF021E77FA9500405ECF /* Assets.xcassets */ = {isa = PBXFileReference; lastKnownFileType = folder.assetcatalog; path = Assets.xcassets; sourceTree = "<group>"; };
		154EFF051E77FA9500405ECF /* Base */ = {isa = PBXFileReference; lastKnownFileType = file.storyboard; name = Base; path = Base.lproj/LaunchScreen.storyboard; sourceTree = "<group>"; };
		154EFF071E77FA9500405ECF /* Info.plist */ = {isa = PBXFileReference; lastKnownFileType = text.plist.xml; path = Info.plist; sourceTree = "<group>"; };
		154EFF0D1E77FADA00405ECF /* 2.wav */ = {isa = PBXFileReference; lastKnownFileType = audio.wav; path = 2.wav; sourceTree = "<group>"; };
		154EFF0E1E77FADA00405ECF /* 17_countdown.mp3 */ = {isa = PBXFileReference; lastKnownFileType = audio.mp3; path = 17_countdown.mp3; sourceTree = "<group>"; };
		154EFF0F1E77FADA00405ECF /* Glass.aiff */ = {isa = PBXFileReference; lastKnownFileType = audio.aiff; path = Glass.aiff; sourceTree = "<group>"; };
		154EFF101E77FADA00405ECF /* Localizable.strings */ = {isa = PBXFileReference; fileEncoding = 4; lastKnownFileType = text.plist.strings; path = Localizable.strings; sourceTree = "<group>"; };
		154EFF111E77FADA00405ECF /* msg.caf */ = {isa = PBXFileReference; lastKnownFileType = file; path = msg.caf; sourceTree = "<group>"; };
/* End PBXFileReference section */

/* Begin PBXFrameworksBuildPhase section */
		154EFEF01E77FA9500405ECF /* Frameworks */ = {
			isa = PBXFrameworksBuildPhase;
			buildActionMask = 2147483647;
			files = (
			);
			runOnlyForDeploymentPostprocessing = 0;
		};
/* End PBXFrameworksBuildPhase section */

/* Begin PBXGroup section */
		154EFEEA1E77FA9500405ECF = {
			isa = PBXGroup;
			children = (
				154EFEF51E77FA9500405ECF /* PushHandle */,
				154EFEF41E77FA9500405ECF /* Products */,
			);
			sourceTree = "<group>";
		};
		154EFEF41E77FA9500405ECF /* Products */ = {
			isa = PBXGroup;
			children = (
				154EFEF31E77FA9500405ECF /* PushHandle.app */,
			);
			name = Products;
			sourceTree = "<group>";
		};
		154EFEF51E77FA9500405ECF /* PushHandle */ = {
			isa = PBXGroup;
			children = (
				154EFEF91E77FA9500405ECF /* AppDelegate.h */,
				154EFEFA1E77FA9500405ECF /* AppDelegate.m */,
				154EFEFC1E77FA9500405ECF /* ViewController.h */,
				154EFEFD1E77FA9500405ECF /* ViewController.m */,
				154EFF0D1E77FADA00405ECF /* 2.wav */,
				154EFF0E1E77FADA00405ECF /* 17_countdown.mp3 */,
				154EFF0F1E77FADA00405ECF /* Glass.aiff */,
				154EFF101E77FADA00405ECF /* Localizable.strings */,
				154EFF111E77FADA00405ECF /* msg.caf */,
				154EFEFF1E77FA9500405ECF /* Main.storyboard */,
				154EFF021E77FA9500405ECF /* Assets.xcassets */,
				154EFF041E77FA9500405ECF /* LaunchScreen.storyboard */,
				154EFF071E77FA9500405ECF /* Info.plist */,
				154EFEF61E77FA9500405ECF /* Supporting Files */,
			);
			path = PushHandle;
			sourceTree = "<group>";
		};
		154EFEF61E77FA9500405ECF /* Supporting Files */ = {
			isa = PBXGroup;
			children = (
				154EFEF71E77FA9500405ECF /* main.m */,
			);
			name = "Supporting Files";
			sourceTree = "<group>";
		};
/* End PBXGroup section */

/* Begin PBXNativeTarget section */
		154EFEF21E77FA9500405ECF /* PushHandle */ = {
			isa = PBXNativeTarget;
			buildConfigurationList = 154EFF0A1E77FA9500405ECF /* Build configuration list for PBXNativeTarget "PushHandle" */;
			buildPhases = (
				154EFEEF1E77FA9500405ECF /* Sources */,
				154EFEF01E77FA9500405ECF /* Frameworks */,
				154EFEF11E77FA9500405ECF /* Resources */,
			);
			buildRules = (
			);
			dependencies = (
			);
			name = PushHandle;
			productName = PushHandle;
			productReference = 154EFEF31E77FA9500405ECF /* PushHandle.app */;
			productType = "com.apple.product-type.application";
		};
/* End PBXNativeTarget section */

/* Begin PBXProject section */
		154EFEEB1E77FA9500405ECF /* Project object */ = {
			isa = PBXProject;
			attributes = {
				LastUpgradeCheck = 0820;
				ORGANIZATIONNAME = DD;
				TargetAttributes = {
					154EFEF21E77FA9500405ECF = {
						CreatedOnToolsVersion = 8.2;
						ProvisioningStyle = Automatic;
					};
				};
			};
			buildConfigurationList = 154EFEEE1E77FA9500405ECF /* Build configuration list for PBXProject "PushHandle" */;
			compatibilityVersion = "Xcode 3.2";
			developmentRegion = English;
			hasScannedForEncodings = 0;
			knownRegions = (
				en,
				Base,
			);
			mainGroup = 154EFEEA1E77FA9500405ECF;
			productRefGroup = 154EFEF41E77FA9500405ECF /* Products */;
			projectDirPath = "";
			projectRoot = "";
			targets = (
				154EFEF21E77FA9500405ECF /* PushHandle */,
			);
		};
/* End PBXProject section */

/* Begin PBXResourcesBuildPhase section */
		154EFEF11E77FA9500405ECF /* Resources */ = {
			isa = PBXResourcesBuildPhase;
			buildActionMask = 2147483647;
			files = (
				154EFF141E77FADA00405ECF /* Glass.aiff in Resources */,
				154EFF131E77FADA00405ECF /* 17_countdown.mp3 in Resources */,
				154EFF061E77FA9500405ECF /* LaunchScreen.storyboard in Resources */,
				154EFF151E77FADA00405ECF /* Localizable.strings in Resources */,
				154EFF031E77FA9500405ECF /* Assets.xcassets in Resources */,
				154EFF011E77FA9500405ECF /* Main.storyboard in Resources */,
				154EFF161E77FADA00405ECF /* msg.caf in Resources */,
				154EFF121E77FADA00405ECF /* 2.wav in Resources */,
			);
			runOnlyForDeploymentPostprocessing = 0;
		};
/* End PBXResourcesBuildPhase section */

/* Begin PBXSourcesBuildPhase section */
		154EFEEF1E77FA9500405ECF /* Sources */ = {
			isa = PBXSourcesBuildPhase;
			buildActionMask = 2147483647;
			files = (
				154EFEFE1E77FA9500405ECF /* ViewController.m in Sources */,
				154EFEFB1E77FA9500405ECF /* AppDelegate.m in Sources */,
				154EFEF81E77FA9500405ECF /* main.m in Sources */,
			);
			runOnlyForDeploymentPostprocessing = 0;
		};
/* End PBXSourcesBuildPhase section */

/* Begin PBXVariantGroup section */
		154EFEFF1E77FA9500405ECF /* Main.storyboard */ = {
			isa = PBXVariantGroup;
			children = (
				154EFF001E77FA9500405ECF /* Base */,
			);
			name = Main.storyboard;
			sourceTree = "<group>";
		};
		154EFF041E77FA9500405ECF /* LaunchScreen.storyboard */ = {
			isa = PBXVariantGroup;
			children = (
				154EFF051E77FA9500405ECF /* Base */,
			);
			name = LaunchScreen.storyboard;
			sourceTree = "<group>";
		};
/* End PBXVariantGroup section */

/* Begin XCBuildConfiguration section */
		154EFF081E77FA9500405ECF /* Debug */ = {
			isa = XCBuildConfiguration;
			buildSettings = {
				ALWAYS_SEARCH_USER_PATHS = NO;
				CLANG_ANALYZER_NONNULL = YES;
				CLANG_CXX_LANGUAGE_STANDARD = "gnu++0x";
				CLANG_CXX_LIBRARY = "libc++";
				CLANG_ENABLE_MODULES = YES;
				CLANG_ENABLE_OBJC_ARC = YES;
				CLANG_WARN_BOOL_CONVERSION = YES;
				CLANG_WARN_CONSTANT_CONVERSION = YES;
				CLANG_WARN_DIRECT_OBJC_ISA_USAGE = YES_ERROR;
				CLANG_WARN_DOCUMENTATION_COMMENTS = YES;
				CLANG_WARN_EMPTY_BODY = YES;
				CLANG_WARN_ENUM_CONVERSION = YES;
				CLANG_WARN_INFINITE_RECURSION = YES;
				CLANG_WARN_INT_CONVERSION = YES;
				CLANG_WARN_OBJC_ROOT_CLASS = YES_ERROR;
				CLANG_WARN_SUSPICIOUS_MOVE = YES;
				CLANG_WARN_UNREACHABLE_CODE = YES;
				CLANG_WARN__DUPLICATE_METHOD_MATCH = YES;
				"CODE_SIGN_IDENTITY[sdk=iphoneos*]" = "iPhone Developer";
				COPY_PHASE_STRIP = NO;
				DEBUG_INFORMATION_FORMAT = dwarf;
				ENABLE_STRICT_OBJC_MSGSEND = YES;
				ENABLE_TESTABILITY = YES;
				GCC_C_LANGUAGE_STANDARD = gnu99;
				GCC_DYNAMIC_NO_PIC = NO;
				GCC_NO_COMMON_BLOCKS = YES;
				GCC_OPTIMIZATION_LEVEL = 0;
				GCC_PREPROCESSOR_DEFINITIONS = (
					"DEBUG=1",
					"$(inherited)",
				);
				GCC_WARN_64_TO_32_BIT_CONVERSION = YES;
				GCC_WARN_ABOUT_RETURN_TYPE = YES_ERROR;
				GCC_WARN_UNDECLARED_SELECTOR = YES;
				GCC_WARN_UNINITIALIZED_AUTOS = YES_AGGRESSIVE;
				GCC_WARN_UNUSED_FUNCTION = YES;
				GCC_WARN_UNUSED_VARIABLE = YES;
				IPHONEOS_DEPLOYMENT_TARGET = 10.2;
				MTL_ENABLE_DEBUG_INFO = YES;
				ONLY_ACTIVE_ARCH = YES;
				SDKROOT = iphoneos;
				TARGETED_DEVICE_FAMILY = "1,2";
			};
			name = Debug;
		};
		154EFF091E77FA9500405ECF /* Release */ = {
			isa = XCBuildConfiguration;
			buildSettings = {
				ALWAYS_SEARCH_USER_PATHS = NO;
				CLANG_ANALYZER_NONNULL = YES;
				CLANG_CXX_LANGUAGE_STANDARD = "gnu++0x";
				CLANG_CXX_LIBRARY = "libc++";
				CLANG_ENABLE_MODULES = YES;
				CLANG_ENABLE_OBJC_ARC = YES;
				CLANG_WARN_BOOL_CONVERSION = YES;
				CLANG_WARN_CONSTANT_CONVERSION = YES;
				CLANG_WARN_DIRECT_OBJC_ISA_USAGE = YES_ERROR;
				CLANG_WARN_DOCUMENTATION_COMMENTS = YES;
				CLANG_WARN_EMPTY_BODY = YES;
				CLANG_WARN_ENUM_CONVERSION = YES;
				CLANG_WARN_INFINITE_RECURSION = YES;
				CLANG_WARN_INT_CONVERSION = YES;
				CLANG_WARN_OBJC_ROOT_CLASS = YES_ERROR;
				CLANG_WARN_SUSPICIOUS_MOVE = YES;
				CLANG_WARN_UNREACHABLE_CODE = YES;
				CLANG_WARN__DUPLICATE_METHOD_MATCH = YES;
				"CODE_SIGN_IDENTITY[sdk=iphoneos*]" = "iPhone Developer";
				COPY_PHASE_STRIP = NO;
				DEBUG_INFORMATION_FORMAT = "dwarf-with-dsym";
				ENABLE_NS_ASSERTIONS = NO;
				ENABLE_STRICT_OBJC_MSGSEND = YES;
				GCC_C_LANGUAGE_STANDARD = gnu99;
				GCC_NO_COMMON_BLOCKS = YES;
				GCC_WARN_64_TO_32_BIT_CONVERSION = YES;
				GCC_WARN_ABOUT_RETURN_TYPE = YES_ERROR;
				GCC_WARN_UNDECLARED_SELECTOR = YES;
				GCC_WARN_UNINITIALIZED_AUTOS = YES_AGGRESSIVE;
				GCC_WARN_UNUSED_FUNCTION = YES;
				GCC_WARN_UNUSED_VARIABLE = YES;
				IPHONEOS_DEPLOYMENT_TARGET = 10.2;
				MTL_ENABLE_DEBUG_INFO = NO;
				SDKROOT = iphoneos;
				TARGETED_DEVICE_FAMILY = "1,2";
				VALIDATE_PRODUCT = YES;
			};
			name = Release;
		};
		154EFF0B1E77FA9500405ECF /* Debug */ = {
			isa = XCBuildConfiguration;
			buildSettings = {
				ASSETCATALOG_COMPILER_APPICON_NAME = AppIcon;
				INFOPLIST_FILE = PushHandle/Info.plist;
				IPHONEOS_DEPLOYMENT_TARGET = 8.0;
				LD_RUNPATH_SEARCH_PATHS = "$(inherited) @executable_path/Frameworks";
				PRODUCT_BUNDLE_IDENTIFIER = DD.PushHandle;
				PRODUCT_NAME = "$(TARGET_NAME)";
			};
			name = Debug;
		};
		154EFF0C1E77FA9500405ECF /* Release */ = {
			isa = XCBuildConfiguration;
			buildSettings = {
				ASSETCATALOG_COMPILER_APPICON_NAME = AppIcon;
				INFOPLIST_FILE = PushHandle/Info.plist;
				IPHONEOS_DEPLOYMENT_TARGET = 8.0;
				LD_RUNPATH_SEARCH_PATHS = "$(inherited) @executable_path/Frameworks";
				PRODUCT_BUNDLE_IDENTIFIER = DD.PushHandle;
				PRODUCT_NAME = "$(TARGET_NAME)";
			};
			name = Release;
		};
/* End XCBuildConfiguration section */

/* Begin XCConfigurationList section */
		154EFEEE1E77FA9500405ECF /* Build configuration list for PBXProject "PushHandle" */ = {
			isa = XCConfigurationList;
			buildConfigurations = (
				154EFF081E77FA9500405ECF /* Debug */,
				154EFF091E77FA9500405ECF /* Release */,
			);
			defaultConfigurationIsVisible = 0;
			defaultConfigurationName = Release;
		};
		154EFF0A1E77FA9500405ECF /* Build configuration list for PBXNativeTarget "PushHandle" */ = {
			isa = XCConfigurationList;
			buildConfigurations = (
				154EFF0B1E77FA9500405ECF /* Debug */,
				154EFF0C1E77FA9500405ECF /* Release */,
			);
			defaultConfigurationIsVisible = 0;
		};
/* End XCConfigurationList section */
	};
	rootObject = 154EFEEB1E77FA9500405ECF /* Project object */;
}
